
Microsoft Visual Studio Solution File, Format Version 12.00
# Visual Studio Version 16
VisualStudioVersion = 16.0.29920.165
MinimumVisualStudioVersion = 10.0.40219.1
Project("{FAE04EC0-301F-11D3-BF4B-00C04F79EFBC}") = "zabbixEventLogger", "zabbixEventLogger.csproj", "{075A6A91-A469-46DF-8255-02AE44A437AE}"
EndProject
Global
	GlobalSection(SolutionConfigurationPlatforms) = preSolution
		Debug|Any CPU = Debug|Any CPU
		Release|Any CPU = Release|Any CPU
	EndGlobalSection
	GlobalSection(ProjectConfigurationPlatforms) = postSolution
		{075A6A91-A469-46DF-8255-02AE44A437AE}.Debug|Any CPU.ActiveCfg = Debug|Any CPU
		{075A6A91-A469-46DF-8255-02AE44A437AE}.Debug|Any CPU.Build.0 = Debug|Any CPU
		{075A6A91-A469-46DF-8255-02AE44A437AE}.Release|Any CPU.ActiveCfg = Release|Any CPU
		{075A6A91-A469-46DF-8255-02AE44A437AE}.Release|Any CPU.Build.0 = Release|Any CPU
	EndGlobalSection
	GlobalSection(SolutionProperties) = preSolution
		HideSolutionNode = FALSE
	EndGlobalSection
	GlobalSection(ExtensibilityGlobals) = postSolution
		SolutionGuid = {C4E675DA-B37D-4E25-BD93-939852271D0D}
	EndGlobalSection
EndGlobal
